Microsoft Visual Studio Solution File, Format Version 11.00
# Visual Studio 2008

Project("{8071CB0F-9D70-5B2F-2C75-EBC1171D50D8}") = "HoneyPuppy", "Assembly-CSharp.csproj", "{11120265-AA4D-8242-B9F4-2C4D4590F0FF}"
EndProject
Project("{8071CB0F-9D70-5B2F-2C75-EBC1171D50D8}") = "HoneyPuppy", "Assembly-CSharp-Editor.csproj", "{554694AD-D572-BC22-58C5-EE7298043E9E}"
EndProject
Project("{8071CB0F-9D70-5B2F-2C75-EBC1171D50D8}") = "HoneyPuppy", "Assembly-UnityScript.unityproj", "{81441BAC-055A-221A-06D5-6328DE84903B}"
EndProject
Global
	GlobalSection(SolutionConfigurationPlatforms) = preSolution
		Debug|Any CPU = Debug|Any CPU
		Release|Any CPU = Release|Any CPU
	EndGlobalSection
	GlobalSection(ProjectConfigurationPlatforms) = postSolution
		{11120265-AA4D-8242-B9F4-2C4D4590F0FF}.Debug|Any CPU.ActiveCfg = Debug|Any CPU
		{11120265-AA4D-8242-B9F4-2C4D4590F0FF}.Debug|Any CPU.Build.0 = Debug|Any CPU
		{11120265-AA4D-8242-B9F4-2C4D4590F0FF}.Release|Any CPU.ActiveCfg = Release|Any CPU
		{11120265-AA4D-8242-B9F4-2C4D4590F0FF}.Release|Any CPU.Build.0 = Release|Any CPU
		{554694AD-D572-BC22-58C5-EE7298043E9E}.Debug|Any CPU.ActiveCfg = Debug|Any CPU
		{554694AD-D572-BC22-58C5-EE7298043E9E}.Debug|Any CPU.Build.0 = Debug|Any CPU
		{554694AD-D572-BC22-58C5-EE7298043E9E}.Release|Any CPU.ActiveCfg = Release|Any CPU
		{554694AD-D572-BC22-58C5-EE7298043E9E}.Release|Any CPU.Build.0 = Release|Any CPU
		{81441BAC-055A-221A-06D5-6328DE84903B}.Debug|Any CPU.ActiveCfg = Debug|Any CPU
		{81441BAC-055A-221A-06D5-6328DE84903B}.Debug|Any CPU.Build.0 = Debug|Any CPU
		{81441BAC-055A-221A-06D5-6328DE84903B}.Release|Any CPU.ActiveCfg = Release|Any CPU
		{81441BAC-055A-221A-06D5-6328DE84903B}.Release|Any CPU.Build.0 = Release|Any CPU
	EndGlobalSection
	GlobalSection(SolutionProperties) = preSolution
		HideSolutionNode = FALSE
	EndGlobalSection
																														GlobalSection(MonoDevelopProperties) = preSolution
		StartupItem = Assembly-CSharp.csproj
		Policies = $0
		$0.TextStylePolicy = $1
		$1.inheritsSet = null
		$1.scope = text/x-csharp
		$0.CSharpFormattingPolicy = $2
		$2.inheritsSet = Mono
		$2.inheritsScope = text/x-csharp
		$2.scope = text/x-csharp
		$0.TextStylePolicy = $3
		$3.FileWidth = 120
		$3.TabWidth = 4
		$3.EolMarker = Unix
		$3.inheritsSet = Mono
		$3.inheritsScope = text/plain
		$3.scope = text/plain
	EndGlobalSection

EndGlobal
